lockfileVersion: '9.0'

settings:
  autoInstallPeers: true
  excludeLinksFromLockfile: false

importers:

  .:
    dependencies:
      danger:
        specifier: 12.3.3
        version: 12.3.3
      endanger:
        specifier: 7.0.4
        version: 7.0.4(danger@12.3.3)
      typescript:
        specifier: 4.6.2
        version: 4.6.2

packages:

  '@formatjs/ecma402-abstract@1.11.4':
    resolution: {integrity: sha512-EBikYFp2JCdIfGEb5G9dyCkTGDmC57KSHhRQOC3aYxoPWVZvfWCDjZwkGYHN7Lis/fmuWl906bnNTJifDQ3sXw==}

  '@formatjs/fast-memoize@1.2.1':
    resolution: {integrity: sha512-Rg0e76nomkz3vF9IPlKeV+Qynok0r7YZjL6syLz4/urSg0IbjPZCB/iYUMNsYA643gh4mgrX3T7KEIFIxJBQeg==}

  '@formatjs/icu-messageformat-parser@2.1.0':
    resolution: {integrity: sha512-Qxv/lmCN6hKpBSss2uQ8IROVnta2r9jd3ymUEIjm2UyIkUCHVcbUVRGL/KS/wv7876edvsPe+hjHVJ4z8YuVaw==}

  '@formatjs/icu-skeleton-parser@1.3.6':
    resolution: {integrity: sha512-I96mOxvml/YLrwU2Txnd4klA7V8fRhb6JG/4hm3VMNmeJo1F03IpV2L3wWt7EweqNLES59SZ4d6hVOPCSf80Bg==}

  '@formatjs/intl-localematcher@0.2.25':
    resolution: {integrity: sha512-YmLcX70BxoSopLFdLr1Ds99NdlTI2oWoLbaUW2M406lxOIPzE1KQhRz2fPUkq34xVZQaihCoU29h0KK7An3bhA==}

  '@gitbeaker/core@38.12.1':
    resolution: {integrity: sha512-8XMVcBIdVAAoxn7JtqmZ2Ee8f+AZLcCPmqEmPFOXY2jPS84y/DERISg/+sbhhb18iRy+ZsZhpWgQ/r3CkYNJOQ==}
    engines: {node: '>=18.0.0'}

  '@gitbeaker/requester-utils@38.12.1':
    resolution: {integrity: sha512-Rc/DgngS0YPN+AY1s9UnexKSy4Lh0bkQVAq9p7PRbRpXb33SlTeCg8eg/8+A/mrMcHgYmP0XhH8lkizyA5tBUQ==}
    engines: {node: '>=18.0.0'}

  '@gitbeaker/rest@38.12.1':
    resolution: {integrity: sha512-9KMSDtJ/sIov+5pcH+CAfiJXSiuYgN0KLKQFg0HHWR2DwcjGYkcbmhoZcWsaOWOqq4kihN1l7wX91UoRxxKKTQ==}
    engines: {node: '>=18.0.0'}

  '@octokit/auth-token@2.5.0':
    resolution: {integrity: sha512-r5FVUJCOLl19AxiuZD2VRZ/ORjp/4IN98Of6YJoJOkY75CIBuYfmiNHGrDwXr+aLGG55igl9QrxX3hbiXlLb+g==}

  '@octokit/core@3.6.0':
    resolution: {integrity: sha512-7RKRKuA4xTjMhY+eG3jthb3hlZCsOwg3rztWh75Xc+ShDWOfDDATWbeZpAHBNRpm4Tv9WgBMOy1zEJYXG6NJ7Q==}

  '@octokit/endpoint@6.0.12':
    resolution: {integrity: sha512-lF3puPwkQWGfkMClXb4k/eUT/nZKQfxinRWJrdZaJO85Dqwo/G0yOC434Jr2ojwafWJMYqFGFa5ms4jJUgujdA==}

  '@octokit/graphql@4.8.0':
    resolution: {integrity: sha512-0gv+qLSBLKF0z8TKaSKTsS39scVKF9dbMxJpj3U0vC7wjNWFuIpL/z76Qe2fiuCbDRcJSavkXsVtMS6/dtQQsg==}

  '@octokit/openapi-types@12.11.0':
    resolution: {integrity: sha512-VsXyi8peyRq9PqIz/tpqiL2w3w80OgVMwBHltTml3LmVvXiphgeqmY9mvBw9Wu7e0QWk/fqD37ux8yP5uVekyQ==}

  '@octokit/plugin-paginate-rest@2.21.3':
    resolution: {integrity: sha512-aCZTEf0y2h3OLbrgKkrfFdjRL6eSOo8komneVQJnYecAxIej7Bafor2xhuDJOIFau4pk0i/P28/XgtbyPF0ZHw==}
    peerDependencies:
      '@octokit/core': '>=2'

  '@octokit/plugin-request-log@1.0.4':
    resolution: {integrity: sha512-mLUsMkgP7K/cnFEw07kWqXGF5LKrOkD+lhCrKvPHXWDywAwuDUeDwWBpc69XK3pNX0uKiVt8g5z96PJ6z9xCFA==}
    peerDependencies:
      '@octokit/core': '>=3'

  '@octokit/plugin-rest-endpoint-methods@5.16.2':
    resolution: {integrity: sha512-8QFz29Fg5jDuTPXVtey05BLm7OB+M8fnvE64RNegzX7U+5NUXcOcnpTIK0YfSHBg8gYd0oxIq3IZTe9SfPZiRw==}
    peerDependencies:
      '@octokit/core': '>=3'

  '@octokit/request-error@2.1.0':
    resolution: {integrity: sha512-1VIvgXxs9WHSjicsRwq8PlR2LR2x6DwsJAaFgzdi0JfJoGSO8mYI/cHJQ+9FbN21aa+DrgNLnwObmyeSC8Rmpg==}

  '@octokit/request@5.6.3':
    resolution: {integrity: sha512-bFJl0I1KVc9jYTe9tdGGpAMPy32dLBXXo1dS/YwSCTL/2nd9XeHsY616RE3HPXDVk+a+dBuzyz5YdlXwcDTr2A==}

  '@octokit/rest@18.12.0':
    resolution: {integrity: sha512-gDPiOHlyGavxr72y0guQEhLsemgVjwRePayJ+FcKc2SJqKUbxbkvf5kAZEWA/MKvsfYlQAMVzNJE3ezQcxMJ2Q==}

  '@octokit/types@6.41.0':
    resolution: {integrity: sha512-eJ2jbzjdijiL3B4PrSQaSjuF2sPEQPVCPzBvTHJD9Nz+9dw2SGH4K4xeQJ77YfTq5bRQ+bD8wT11JbeDPmxmGg==}

  '@tootallnate/once@2.0.0':
    resolution: {integrity: sha512-XCuKFP5PS55gnMVu3dty8KPatLqUoy/ZYzDzAGCQ8JNFCkLXzmI7vNHCR+XpbZaMWQK/vQubr7PkYq8g470J/A==}
    engines: {node: '>= 10'}

  '@types/mdast@3.0.15':
    resolution: {integrity: sha512-LnwD+mUEfxWMa1QpDraczIn6k0Ee3SMicuYSSzS6ZYl2gKS09EClnJYGd8Du6rfc5r/GZEk5o1mRb8TaTj03sQ==}

  '@types/unist@2.0.11':
    resolution: {integrity: sha512-CmBKiL6NNo/OqgmMn95Fk9Whlp2mtvIv+KNpQKN2F4SjvrEesubTRWGYSg+BnWZOnlCaSTU1sMpsBOzgbYhnsA==}

  agent-base@6.0.2:
    resolution: {integrity: sha512-RZNwNclF7+MS/8bDg70amg32dyeZGZxiDuQmZxKLAlQjr3jGyLx+4Kkk58UO7D2QdgFIQCovuSuZESne6RG6XQ==}
    engines: {node: '>= 6.0.0'}

  ansi-styles@3.2.1:
    resolution: {integrity: sha512-VT0ZI6kZRdTh8YyJw3SMbYm/u+NqfsAxEpWO0Pf9sq8/e94WxxOpPKx9FR1FlyCtOVDNOQ+8ntlqFxiRc+r5qA==}
    engines: {node: '>=4'}

  async-retry@1.2.3:
    resolution: {integrity: sha512-tfDb02Th6CE6pJUF2gjW5ZVjsgwlucVXOEQMvEX9JgSJMs9gAX+Nz3xRuJBKuUYjTSYORqvDBORdAQ3LU59g7Q==}

  bail@1.0.5:
    resolution: {integrity: sha512-xFbRxM1tahm08yHBP16MMjVUAvDaBMD38zsM9EMAUN61omwLmKlOpB/Zku5QkjZ8TZ4vn53pj+t518cH0S03RQ==}

  before-after-hook@2.2.3:
    resolution: {integrity: sha512-NzUnlZexiaH/46WDhANlyR2bXRopNg4F/zuSA3OpZnllCUgRaOF2znDioDWrmbNVsuZk6l9pMquQB38cfBZwkQ==}

  braces@3.0.3:
    resolution: {integrity: sha512-yQbXgO/OSZVD2IsiLlro+7Hf6Q18EJrKSEsdoMzKePKXct3gvD8oLcOQdIzGupr5Fj+EDe8gO/lxc1BzfMpxvA==}
    engines: {node: '>=8'}

  buffer-equal-constant-time@1.0.1:
    resolution: {integrity: sha512-zRpUiDwd/xk6ADqPMATG8vc9VPrkck7T07OIx0gnjmJAnHnTVXNQG3vfvWNuiZIkwu9KrKdA1iJKfsfTVxE6NA==}

  call-bind-apply-helpers@1.0.2:
    resolution: {integrity: sha512-Sp1ablJ0ivDkSzjcaJdxEunN5/XvksFJ2sMBFfq6x0ryhQV/2b/KwFe21cMpmHtPOSij8K99/wSfoEuTObmuMQ==}
    engines: {node: '>= 0.4'}

  call-bound@1.0.3:
    resolution: {integrity: sha512-YTd+6wGlNlPxSuri7Y6X8tY2dmm12UMH66RpKMhiX6rsk5wXXnYgbUcOt8kiS31/AjfoTOvCsE+w8nZQLQnzHA==}
    engines: {node: '>= 0.4'}

  callsites@3.1.0:
    resolution: {integrity: sha512-P8BjAsXvZS+VIDUI11hHCQEv74YT67YUi5JJFNWIqL235sBmjX4+qx9Muvls5ivyNENctx46xQLQ3aTuE7ssaQ==}
    engines: {node: '>=6'}

  ccount@1.1.0:
    resolution: {integrity: sha512-vlNK021QdI7PNeiUh/lKkC/mNHHfV0m/Ad5JoI0TYtlBnJAslM/JIkm/tGC88bkLIwO6OQ5uV6ztS6kVAtCDlg==}

  chalk@2.4.2:
    resolution: {integrity: sha512-Mti+f9lpJNcwF4tWV8/OrTTtF1gZi+f8FqlyAdouralcFWFQWF2+NgCHShjkCb+IFBLq9buZwE1xckQU4peSuQ==}
    engines: {node: '>=4'}

  character-entities-legacy@1.1.4:
    resolution: {integrity: sha512-3Xnr+7ZFS1uxeiUDvV02wQ+QDbc55o97tIV5zHScSPJpcLm/r0DFPcoY3tYRp+VZukxuMeKgXYmsXQHO05zQeA==}

  character-entities@1.2.4:
    resolution: {integrity: sha512-iBMyeEHxfVnIakwOuDXpVkc54HijNgCyQB2w0VfGQThle6NXn50zU6V/u+LDhxHcDUPojn6Kpga3PTAD8W1bQw==}

  character-reference-invalid@1.1.4:
    resolution: {integrity: sha512-mKKUkUbhPpQlCOfIuZkvSEgktjPFIsZKRRbC6KWVEMvlzblj3i3asQv5ODsrwt0N3pHAEvjP8KTQPHkp0+6jOg==}

  color-convert@1.9.3:
    resolution: {integrity: sha512-QfAUtd+vFdAtFQcC8CCyYt1fYWxSqAiK2cSD6zDB8N3cpsEBAvRxp9zOGg6G/SHHJYAT88/az/IuDGALsNVbGg==}

  color-name@1.1.3:
    resolution: {integrity: sha512-72fSenhMw2HZMTVHeCA9KCmpEIbzWiQsjN+BHcBbS9vr1mtt+vJjPdksIBNUmKAW8TFUDPJK5SUU3QhE9NEXDw==}

  colors@1.4.0:
    resolution: {integrity: sha512-a+UqTh4kgZg/SlGvfbzDHpgRu7AAQOmmqRHJnxhRZICKFUT91brVhNNt58CMWU9PsBbv3PDCZUHbVxuDiH2mtA==}
    engines: {node: '>=0.1.90'}

  commander@2.20.3:
    resolution: {integrity: sha512-GpVkmM8vF2vQUkj2LvZmD35JxeJOLCwJ9cUkugyk2nuhbv3+mJvpLYYt+0+USMxE+oj+ey/lJEnhZw75x/OMcQ==}

  core-js@3.40.0:
    resolution: {integrity: sha512-7vsMc/Lty6AGnn7uFpYT56QesI5D2Y/UkgKounk87OP9Z2H9Z8kj6jzcSGAxFmUtDOS0ntK6lbQz+Nsa0Jj6mQ==}

  cross-spawn@7.0.6:
    resolution: {integrity: sha512-uV2QOWP2nWzsy2aMp8aRibhi9dlzF5Hgh5SHaB9OiTGEyDTiJJyx0uy51QXdyWbtAHNua4XJzUKca3OzKUd3vA==}
    engines: {node: '>= 8'}

  danger@12.3.3:
    resolution: {integrity: sha512-nZKzpgXN21rr4dwa6bFhM7G2JEa79dZRJiT3RVRSyi4yk1/hgZ2f8HDGoa7tMladTmu8WjJFyE3LpBIihh+aDw==}
    engines: {node: '>=18'}
    hasBin: true

  debug@4.4.0:
    resolution: {integrity: sha512-6WTZ/IxCY/T6BALoZHaE4ctp9xm+Z5kY/pzYaCHRFeyVhojxlrm+46y68HA6hr0TcwEssoxNiDEUJQjfPZ/RYA==}
    engines: {node: '>=6.0'}
    peerDependencies:
      supports-color: '*'
    peerDependenciesMeta:
      supports-color:
        optional: true

  deprecation@2.3.1:
    resolution: {integrity: sha512-xmHIy4F3scKVwMsQ4WnVaS8bHOx0DmVwRywosKhaILI0ywMDWPtBSku2HNxRvF7jtwDRsoEwYQSfbxj8b7RlJQ==}

  dunder-proto@1.0.1:
    resolution: {integrity: sha512-KIN/nDJBQRcXw0MLVhZE9iQHmG68qAVIBg9CqmUYjmQIhgij9U5MFvrqkUL5FbtyyzZuOeOt0zdeRe4UY7ct+A==}
    engines: {node: '>= 0.4'}

  ecdsa-sig-formatter@1.0.11:
    resolution: {integrity: sha512-nagl3RYrbNv6kQkeJIpt6NJZy8twLB/2vtz6yN9Z4vRKHN4/QZJIEbqohALSgwKdnksuY3k5Addp5lg8sVoVcQ==}

  endanger@7.0.4:
    resolution: {integrity: sha512-+1riWeBVJR/S57RR8olEWbsK2g/Y8L9p2K9sxYpF6KGoxS97mkEkl5V1tR22lYo2eSYWrh2+iOOwLFjAhr9toA==}
    peerDependencies:
      danger: ^10.5.3

  es-define-property@1.0.1:
    resolution: {integrity: sha512-e3nRfgfUZ4rNGL232gUgX06QNyyez04KdjFrF+LTRoOXmrOgFKDg4BCdsjW8EnT69eqdYGmRpJwiPVYNrCaW3g==}
    engines: {node: '>= 0.4'}

  es-errors@1.3.0:
    resolution: {integrity: sha512-Zf5H2Kxt2xjTvbJvP2ZWLEICxA6j+hAmMzIlypy4xcBg1vKVnx89Wy0GbS+kf5cwCVFFzdCFh2XSCFNULS6csw==}
    engines: {node: '>= 0.4'}

  es-object-atoms@1.1.1:
    resolution: {integrity: sha512-FGgH2h8zKNim9ljj7dankFPcICIK9Cp5bm+c2gQSYePhpaG5+esrLODihIorn+Pe6FGJzWhXQotPv73jTaldXA==}
    engines: {node: '>= 0.4'}

  escape-string-regexp@1.0.5:
    resolution: {integrity: sha512-vbRorB5FUQWvla16U8R/qgaFIya2qGzwDrNmCZuYKrbdSUMG6I1ZCGQRefkRVhuOkIGVne7BQ35DSfo1qvJqFg==}
    engines: {node: '>=0.8.0'}

  escape-string-regexp@4.0.0:
    resolution: {integrity: sha512-TtpcNJ3XAzx3Gq8sWRzJaVajRs0uVxA2YAkdb1jm2YkPz4G6egUFAyA3n5vtEIZefPk5Wa4UXbKuS5fKkJWdgA==}
    engines: {node: '>=10'}

  execa@5.1.1:
    resolution: {integrity: sha512-8uSpZZocAZRBAPIEINJj3Lo9HyGitllczc27Eh5YYojjMFMn8yHMDMaUHE2Jqfq05D/wucwI4JGURyXt1vchyg==}
    engines: {node: '>=10'}

  expand-tilde@2.0.2:
    resolution: {integrity: sha512-A5EmesHW6rfnZ9ysHQjPdJRni0SRar0tjtG5MNtm9n5TUvsYU8oozprtRD4AqHxcZWWlVuAmQo2nWKfN9oyjTw==}
    engines: {node: '>=0.10.0'}

  extend-shallow@2.0.1:
    resolution: {integrity: sha512-zCnTtlxNoAiDc3gqY2aYAWFx7XWWiasuF2K8Me5WbN8otHKTUKBwjPtNpRs/rbUZm7KxWAaNj7P1a/p52GbVug==}
    engines: {node: '>=0.10.0'}

  extend@3.0.2:
    resolution: {integrity: sha512-fjquC59cD7CyW6urNXK0FBufkZcoiGG80wTuPujX590cB5Ttln20E2UB4S/WARVqhXffZl2LNgS+gQdPIIim/g==}

  fast-json-patch@3.1.1:
    resolution: {integrity: sha512-vf6IHUX2SBcA+5/+4883dsIjpBTqmfBjmYiWK1savxQmFk4JfBMLa7ynTYOs1Rolp/T1betJxHiGD3g1Mn8lUQ==}

  fill-range@7.1.1:
    resolution: {integrity: sha512-YsGpe3WHLK8ZYi4tWDg2Jy3ebRz2rXowDxnld4bkQB00cc/1Zw9AWnC0i9ztDJitivtQvaI9KaLyKrc+hBW0yg==}
    engines: {node: '>=8'}

  fs-exists-sync@0.1.0:
    resolution: {integrity: sha512-cR/vflFyPZtrN6b38ZyWxpWdhlXrzZEBawlpBQMq7033xVY7/kg0GDMBK5jg8lDYQckdJ5x/YC88lM3C7VMsLg==}
    engines: {node: '>=0.10.0'}

  function-bind@1.1.2:
    resolution: {integrity: sha512-7XHNxH7qX9xG5mIwxkhumTox/MIRNcOgDrxWsMt2pAr23WHp6MrRlN7FBSFpCpr+oVO0F744iUgR82nJMfG2SA==}

  get-intrinsic@1.2.7:
    resolution: {integrity: sha512-VW6Pxhsrk0KAOqs3WEd0klDiF/+V7gQOpAvY1jVU/LHmaD/kQO4523aiJuikX/QAKYiW6x8Jh+RJej1almdtCA==}
    engines: {node: '>= 0.4'}

  get-proto@1.0.1:
    resolution: {integrity: sha512-sTSfBjoXBp89JvIKIefqw7U2CCebsc74kiY6awiGogKtoSGbgjYE/G/+l9sF3MWFPNc9IcoOC4ODfKHfxFmp0g==}
    engines: {node: '>= 0.4'}

  get-stdin@6.0.0:
    resolution: {integrity: sha512-jp4tHawyV7+fkkSKyvjuLZswblUtz+SQKzSWnBbii16BuZksJlU1wuBYXY75r+duh/llF1ur6oNwi+2ZzjKZ7g==}
    engines: {node: '>=4'}

  get-stream@6.0.1:
    resolution: {integrity: sha512-ts6Wi+2j3jQjqi70w5AlN8DFnkSwC+MqmxEzdEALB2qXZYV3X/b1CTfgPLGJNMeAWxdPfU8FO1ms3NUfaHCPYg==}
    engines: {node: '>=10'}

  git-config-path@1.0.1:
    resolution: {integrity: sha512-KcJ2dlrrP5DbBnYIZ2nlikALfRhKzNSX0stvv3ImJ+fvC4hXKoV+U+74SV0upg+jlQZbrtQzc0bu6/Zh+7aQbg==}
    engines: {node: '>=0.10.0'}

  gopd@1.2.0:
    resolution: {integrity: sha512-ZUKRh6/kUFoAiTAtTYPZJ3hw9wNxx+BIBOijnlG9PnrJsCcSjs1wyyD6vJpaYtgnzDrKYRSqf3OO6Rfa93xsRg==}
    engines: {node: '>= 0.4'}

  has-flag@2.0.0:
    resolution: {integrity: sha512-P+1n3MnwjR/Epg9BBo1KT8qbye2g2Ou4sFumihwt6I4tsUX7jnLcX4BTOSKg/B1ZrIYMN9FcEnG4x5a7NB8Eng==}
    engines: {node: '>=0.10.0'}

  has-flag@3.0.0:
    resolution: {integrity: sha512-sKJf1+ceQBr4SMkvQnBDNDtf4TXpVhVGateu0t918bl30FnbE2m4vNLX+VWe/dpjlb+HugGYzW7uQXH98HPEYw==}
    engines: {node: '>=4'}

  has-symbols@1.1.0:
    resolution: {integrity: sha512-1cDNdwJ2Jaohmb3sg4OmKaMBwuC48sYni5HUw2DvsC8LjGTLK9h+eb1X6RyuOHe4hT0ULCW68iomhjUoKUqlPQ==}
    engines: {node: '>= 0.4'}

  hasown@2.0.2:
    resolution: {integrity: sha512-0hJU9SCPvmMzIBdZFqNPXWa6dqh7WdH0cII9y+CyS8rG3nL48Bclra9HmKhVVUHyPWNH5Y7xDwAB7bfgSjkUMQ==}
    engines: {node: '>= 0.4'}

  homedir-polyfill@1.0.3:
    resolution: {integrity: sha512-eSmmWE5bZTK2Nou4g0AI3zZ9rswp7GRKoKXS1BLUkvPviOqs4YTN1djQIqrXy9k5gEtdLPy86JjRwsNM9tnDcA==}
    engines: {node: '>=0.10.0'}

  http-proxy-agent@5.0.0:
    resolution: {integrity: sha512-n2hY8YdoRE1i7r6M0w9DIw5GgZN0G25P8zLCRQ8rjXtTU3vsNFBI/vWK/UIeE6g5MUUz6avwAPXmL6Fy9D/90w==}
    engines: {node: '>= 6'}

  https-proxy-agent@5.0.1:
    resolution: {integrity: sha512-dFcAjpTQFgoLMzC2VwU+C/CbS7uRL0lWmxDITmqm7C+7F0Odmj6s9l6alZc6AELXhrnggM2CeWSXHGOdX2YtwA==}
    engines: {node: '>= 6'}

  human-signals@2.1.0:
    resolution: {integrity: sha512-B4FFZ6q/T2jhhksgkbEW3HBvWIfDW85snkQgawt07S7J5QXTk6BkNV+0yAeZrM5QpMAdYlocGoljn0sJ/WQkFw==}
    engines: {node: '>=10.17.0'}

  hyperlinker@1.0.0:
    resolution: {integrity: sha512-Ty8UblRWFEcfSuIaajM34LdPXIhbs1ajEX/BBPv24J+enSVaEVY63xQ6lTO9VRYS5LAoghIG0IDJ+p+IPzKUQQ==}
    engines: {node: '>=4'}

  ini@1.3.8:
    resolution: {integrity: sha512-JV/yugV2uzW5iMRSiZAyDtQd+nxtUnjeLt0acNdw98kKLrvuRVyB80tsREOE7yvGVgalhZ6RNXCmEHkUKBKxew==}

  intl-messageformat@9.13.0:
    resolution: {integrity: sha512-7sGC7QnSQGa5LZP7bXLDhVDtQOeKGeBFGHF2Y8LVBwYZoQZCgWeKoPGTa5GMG8g/TzDgeXuYJQis7Ggiw2xTOw==}

  is-alphabetical@1.0.4:
    resolution: {integrity: sha512-DwzsA04LQ10FHTZuL0/grVDk4rFoVH1pjAToYwBrHSxcrBIGQuXrQMtD5U1b0U2XVgKZCTLLP8u2Qxqhy3l2Vg==}

  is-alphanumerical@1.0.4:
    resolution: {integrity: sha512-UzoZUr+XfVz3t3v4KyGEniVL9BDRoQtY7tOyrRybkVNjDFWyo1yhXNGrrBTQxp3ib9BLAWs7k2YKBQsFRkZG9A==}

  is-buffer@2.0.5:
    resolution: {integrity: sha512-i2R6zNFDwgEHJyQUtJEk0XFi1i0dPFn/oqjK3/vPCcDeJvW5NQ83V8QbicfF1SupOaB0h8ntgBC2YiE7dfyctQ==}
    engines: {node: '>=4'}

  is-decimal@1.0.4:
    resolution: {integrity: sha512-RGdriMmQQvZ2aqaQq3awNA6dCGtKpiDFcOzrTWrDAT2MiWrKQVPmxLGHl7Y2nNu6led0kEyoX0enY0qXYsv9zw==}

  is-extendable@0.1.1:
    resolution: {integrity: sha512-5BMULNob1vgFX6EjQw5izWDxrecWK9AM72rugNr0TFldMOi0fj6Jk+zeKIt0xGj4cEfQIJth4w3OKWOJ4f+AFw==}
    engines: {node: '>=0.10.0'}

  is-hexadecimal@1.0.4:
    resolution: {integrity: sha512-gyPJuv83bHMpocVYoqof5VDiZveEoGoFL8m3BXNb2VW8Xs+rz9kqO8LOQ5DH6EsuvilT1ApazU0pyl+ytbPtlw==}

  is-number@7.0.0:
    resolution: {integrity: sha512-41Cifkg6e8TylSpdtTpeLVMqvSBEVzTttHvERD741+pnZ8ANv0004MRL43QKPDlK9cGvNp6NZWZUBlbGXYxxng==}
    engines: {node: '>=0.12.0'}

  is-plain-obj@2.1.0:
    resolution: {integrity: sha512-YWnfyRwxL/+SsrWYfOpUtz5b3YD+nyfkHvjbcanzk8zgyO4ASD67uVMRt8k5bM4lLMDnXfriRhOpemw+NfT1eA==}
    engines: {node: '>=8'}

  is-plain-object@5.0.0:
    resolution: {integrity: sha512-VRSzKkbMm5jMDoKLbltAkFQ5Qr7VDiTFGXxYFXXowVj387GeGNOCsOH6Msy00SGZ3Fp84b1Naa1psqgcCIEP5Q==}
    engines: {node: '>=0.10.0'}

  is-stream@2.0.1:
    resolution: {integrity: sha512-hFoiJiTl63nn+kstHGBtewWSKnQLpyb155KHheA1l39uvtO9nWIop1p3udqPcUd/xbF1VLMO4n7OI6p7RbngDg==}
    engines: {node: '>=8'}

  isexe@2.0.0:
    resolution: {integrity: sha512-RHxMLp9lnKHGHRng9QFhRCMbYAcVpn69smSGcq3f36xjgVVWThj4qqLbTLlq7Ssj8B+fIQ1EuCEGI2lKsyQeIw==}

  json5@2.2.3:
    resolution: {integrity: sha512-XmOWe7eyHYH14cLdVPoyg+GOH3rYX++KpzrylJwSW98t3Nk+U8XOl8FWKOgwtzdb8lXGf6zYwDUzeHMWfxasyg==}
    engines: {node: '>=6'}
    hasBin: true

  jsonpointer@5.0.1:
    resolution: {integrity: sha512-p/nXbhSEcu3pZRdkW1OfJhpsVtW1gd4Wa1fnQc9YLiTfAjn0312eMKimbdIQzuZl9aa9xUGaRlP9T/CJE/ditQ==}
    engines: {node: '>=0.10.0'}

  jsonwebtoken@9.0.2:
    resolution: {integrity: sha512-PRp66vJ865SSqOlgqS8hujT5U4AOgMfhrwYIuIhfKaoSCZcirrmASQr8CX7cUg+RMih+hgznrjp99o+W4pJLHQ==}
    engines: {node: '>=12', npm: '>=6'}

  jwa@1.4.1:
    resolution: {integrity: sha512-qiLX/xhEEFKUAJ6FiBMbes3w9ATzyk5W7Hvzpa/SLYdxNtng+gcurvrI7TbACjIXlsJyr05/S1oUhZrc63evQA==}

  jws@3.2.2:
    resolution: {integrity: sha512-YHlZCB6lMTllWDtSPHz/ZXTsi8S00usEV6v1tjq8tOUZzw7DpSDWVXjXDre6ed1w/pd495ODpHZYSdkRTsa0HA==}

  lodash.find@4.6.0:
    resolution: {integrity: sha512-yaRZoAV3Xq28F1iafWN1+a0rflOej93l1DQUejs3SZ41h2O9UJBoS9aueGjPDgAl4B6tPC0NuuchLKaDQQ3Isg==}

  lodash.includes@4.3.0:
    resolution: {integrity: sha512-W3Bx6mdkRTGtlJISOvVD/lbqjTlPPUDTMnlXZFnVwi9NKJ6tiAk6LVdlhZMm17VZisqhKcgzpO5Wz91PCt5b0w==}

  lodash.isboolean@3.0.3:
    resolution: {integrity: sha512-Bz5mupy2SVbPHURB98VAcw+aHh4vRV5IPNhILUCsOzRmsTmSQ17jIuqopAentWoehktxGd9e/hbIXq980/1QJg==}

  lodash.isinteger@4.0.4:
    resolution: {integrity: sha512-DBwtEWN2caHQ9/imiNeEA5ys1JoRtRfY3d7V9wkqtbycnAmTvRRmbHKDV4a0EYc678/dia0jrte4tjYwVBaZUA==}

  lodash.isnumber@3.0.3:
    resolution: {integrity: sha512-QYqzpfwO3/CWf3XP+Z+tkQsfaLL/EnUlXWVkIk5FUPc4sBdTehEqZONuyRt2P67PXAk+NXmTBcc97zw9t1FQrw==}

  lodash.isobject@3.0.2:
    resolution: {integrity: sha512-3/Qptq2vr7WeJbB4KHUSKlq8Pl7ASXi3UG6CMbBm8WRtXi8+GHm7mKaU3urfpSEzWe2wCIChs6/sdocUsTKJiA==}

  lodash.isplainobject@4.0.6:
    resolution: {integrity: sha512-oSXzaWypCMHkPC3NvBEaPHf0KsA5mvPrOPgQWDsbg8n7orZ290M0BmC/jgRZ4vcJ6DTAhjrsSYgdsW/F+MFOBA==}

  lodash.isstring@4.0.1:
    resolution: {integrity: sha512-0wJxfxH1wgO3GrbuP+dTTk7op+6L41QCXbGINEmD+ny/G/eCqGzxyCsh7159S+mgDDcoarnBw6PC1PS5+wUGgw==}

  lodash.keys@4.2.0:
    resolution: {integrity: sha512-J79MkJcp7Df5mizHiVNpjoHXLi4HLjh9VLS/M7lQSGoQ+0oQ+lWEigREkqKyizPB1IawvQLLKY8mzEcm1tkyxQ==}

  lodash.mapvalues@4.6.0:
    resolution: {integrity: sha512-JPFqXFeZQ7BfS00H58kClY7SPVeHertPE0lNuCyZ26/XlN8TvakYD7b9bGyNmXbT/D3BbtPAAmq90gPWqLkxlQ==}

  lodash.memoize@4.1.2:
    resolution: {integrity: sha512-t7j+NzmgnQzTAYXcsHYLgimltOV1MXHtlOWf6GjL9Kj8GK5FInw5JotxvbOs+IvV1/Dzo04/fCGfLVs7aXb4Ag==}

  lodash.once@4.1.1:
    resolution: {integrity: sha512-Sb487aTOCr9drQVL8pIxOzVhafOjZN9UU54hiN8PU3uAiSV7lx1yYNpbNmex2PK6dSJoNTSJUUswT651yww3Mg==}

  longest-streak@2.0.4:
    resolution: {integrity: sha512-vM6rUVCVUJJt33bnmHiZEvr7wPT78ztX7rojL+LW51bHtLh6HTjx84LA5W4+oa6aKEJA7jJu5LR6vQRBpA5DVg==}

  markdown-table@2.0.0:
    resolution: {integrity: sha512-Ezda85ToJUBhM6WGaG6veasyym+Tbs3cMAw/ZhOPqXiYsr0jgocBV3j3nx+4lk47plLlIqjwuTm/ywVI+zjJ/A==}

  math-intrinsics@1.1.0:
    resolution: {integrity: sha512-/IXtbwEk5HTPyEwyKX6hGkYXxM9nbj64B+ilVJnC/R6B0pH5G4V3b0pVbL7DBj4tkhBAppbQUlf6F6Xl9LHu1g==}
    engines: {node: '>= 0.4'}

  mdast-util-find-and-replace@1.1.1:
    resolution: {integrity: sha512-9cKl33Y21lyckGzpSmEQnIDjEfeeWelN5s1kUW1LwdB0Fkuq2u+4GdqcGEygYxJE8GVqCl0741bYXHgamfWAZA==}

  mdast-util-from-markdown@0.8.5:
    resolution: {integrity: sha512-2hkTXtYYnr+NubD/g6KGBS/0mFmBcifAsI0yIWRiRo0PjVs6SSOSOdtzbp6kSGnShDN6G5aWZpKQ2lWRy27mWQ==}

  mdast-util-gfm-autolink-literal@0.1.3:
    resolution: {integrity: sha512-GjmLjWrXg1wqMIO9+ZsRik/s7PLwTaeCHVB7vRxUwLntZc8mzmTsLVr6HW1yLokcnhfURsn5zmSVdi3/xWWu1A==}

  mdast-util-gfm-strikethrough@0.2.3:
    resolution: {integrity: sha512-5OQLXpt6qdbttcDG/UxYY7Yjj3e8P7X16LzvpX8pIQPYJ/C2Z1qFGMmcw+1PZMUM3Z8wt8NRfYTvCni93mgsgA==}

  mdast-util-gfm-table@0.1.6:
    resolution: {integrity: sha512-j4yDxQ66AJSBwGkbpFEp9uG/LS1tZV3P33fN1gkyRB2LoRL+RR3f76m0HPHaby6F4Z5xr9Fv1URmATlRRUIpRQ==}

  mdast-util-gfm-task-list-item@0.1.6:
    resolution: {integrity: sha512-/d51FFIfPsSmCIRNp7E6pozM9z1GYPIkSy1urQ8s/o4TC22BZ7DqfHFWiqBD23bc7J3vV1Fc9O4QIHBlfuit8A==}

  mdast-util-gfm@0.1.2:
    resolution: {integrity: sha512-NNkhDx/qYcuOWB7xHUGWZYVXvjPFFd6afg6/e2g+SV4r9q5XUcCbV4Wfa3DLYIiD+xAEZc6K4MGaE/m0KDcPwQ==}

  mdast-util-to-markdown@0.6.5:
    resolution: {integrity: sha512-XeV9sDE7ZlOQvs45C9UKMtfTcctcaj/pGwH8YLbMHoMOXNNCn2LsqVQOqrF1+/NU8lKDAqozme9SCXWyo9oAcQ==}

  mdast-util-to-string@2.0.0:
    resolution: {integrity: sha512-AW4DRS3QbBayY/jJmD8437V1Gombjf8RSOUCMFBuo5iHi58AGEgVCKQ+ezHkZZDpAQS75hcBMpLqjpJTjtUL7w==}

  memfs-or-file-map-to-github-branch@1.2.1:
    resolution: {integrity: sha512-I/hQzJ2a/pCGR8fkSQ9l5Yx+FQ4e7X6blNHyWBm2ojeFLT3GVzGkTj7xnyWpdclrr7Nq4dmx3xrvu70m3ypzAQ==}

  memoize-one@5.2.1:
    resolution: {integrity: sha512-zYiwtZUcYyXKo/np96AGZAckk+FWWsUdJ3cHGGmld7+AhvcWmQyGCYUh1hc4Q/pkOhb65dQR/pqCyK0cOaHz4Q==}

  merge-stream@2.0.0:
    resolution: {integrity: sha512-abv/qOcuPfk3URPfDzmZU1LKmuw8kT+0nIHvKrKgFrwifol/doWcdA4ZqsWQ8ENrFKkd67Mfpo/LovbIUsbt3w==}

  micromark-extension-gfm-autolink-literal@0.5.7:
    resolution: {integrity: sha512-ePiDGH0/lhcngCe8FtH4ARFoxKTUelMp4L7Gg2pujYD5CSMb9PbblnyL+AAMud/SNMyusbS2XDSiPIRcQoNFAw==}

  micromark-extension-gfm-strikethrough@0.6.5:
    resolution: {integrity: sha512-PpOKlgokpQRwUesRwWEp+fHjGGkZEejj83k9gU5iXCbDG+XBA92BqnRKYJdfqfkrRcZRgGuPuXb7DaK/DmxOhw==}

  micromark-extension-gfm-table@0.4.3:
    resolution: {integrity: sha512-hVGvESPq0fk6ALWtomcwmgLvH8ZSVpcPjzi0AjPclB9FsVRgMtGZkUcpE0zgjOCFAznKepF4z3hX8z6e3HODdA==}

  micromark-extension-gfm-tagfilter@0.3.0:
    resolution: {integrity: sha512-9GU0xBatryXifL//FJH+tAZ6i240xQuFrSL7mYi8f4oZSbc+NvXjkrHemeYP0+L4ZUT+Ptz3b95zhUZnMtoi/Q==}

  micromark-extension-gfm-task-list-item@0.3.3:
    resolution: {integrity: sha512-0zvM5iSLKrc/NQl84pZSjGo66aTGd57C1idmlWmE87lkMcXrTxg1uXa/nXomxJytoje9trP0NDLvw4bZ/Z/XCQ==}

  micromark-extension-gfm@0.3.3:
    resolution: {integrity: sha512-oVN4zv5/tAIA+l3GbMi7lWeYpJ14oQyJ3uEim20ktYFAcfX1x3LNlFGGlmrZHt7u9YlKExmyJdDGaTt6cMSR/A==}

  micromark@2.11.4:
    resolution: {integrity: sha512-+WoovN/ppKolQOFIAajxi7Lu9kInbPxFuTBVEavFcL8eAfVstoc5MocPmqBeAdBOJV00uaVjegzH4+MA0DN/uA==}

  micromatch@4.0.8:
    resolution: {integrity: sha512-PXwfBhYu0hBCPw8Dn0E+WDYb7af3dSLVWKi3HGv84IdF4TyFoC0ysxFd0Goxw7nSv4T/PzEJQxsYsEiFCKo2BA==}
    engines: {node: '>=8.6'}

  mimic-fn@2.1.0:
    resolution: {integrity: sha512-OqbOk5oEQeAZ8WXWydlu9HJjz9WVdEIvamMCcXmuqUYjTknH/sqsWvhQ3vgwKFRR1HpjvNBKQ37nbJgYzGqGcg==}
    engines: {node: '>=6'}

  min-indent@1.0.1:
    resolution: {integrity: sha512-I9jwMn07Sy/IwOj3zVkVik2JTvgpaykDZEigL6Rx6N9LbMywwUSMtxET+7lVoDLLd3O3IXwJwvuuns8UB/HeAg==}
    engines: {node: '>=4'}

  minimist@1.2.8:
    resolution: {integrity: sha512-2yyAR8qBkN3YuheJanUpWC5U3bb5osDywNB8RzDVlDwDHbocAJveqqj1u8+SVD7jkWT4yvsHCpWqqWqAxb0zCA==}

  ms@2.1.3:
    resolution: {integrity: sha512-6FlzubTLZG3J2a/NVCAleEhjzq5oxgHyaCU9yYXvcLsvoVaHJq/s5xXI6/XXP6tz7R9xAOtHnSO/tXtF3WRTlA==}

  node-cleanup@2.1.2:
    resolution: {integrity: sha512-qN8v/s2PAJwGUtr1/hYTpNKlD6Y9rc4p8KSmJXyGdYGZsDGKXrGThikLFP9OCHFeLeEpQzPwiAtdIvBLqm//Hw==}

  node-fetch@2.7.0:
    resolution: {integrity: sha512-c4FRfUm/dbcWZ7U+1Wq0AwCyFL+3nt2bEw05wfxSz+DWpWsitgmSgYmy2dQdWyKC1694ELPqMs/YzUSNozLt8A==}
    engines: {node: 4.x || >=6.0.0}
    peerDependencies:
      encoding: ^0.1.0
    peerDependenciesMeta:
      encoding:
        optional: true

  npm-run-path@4.0.1:
    resolution: {integrity: sha512-S48WzZW777zhNIrn7gxOlISNAqi9ZC/uQFnRdbeIHhZhCA6UqpkOT8T1G7BvfdgP4Er8gF4sUbaS0i7QvIfCWw==}
    engines: {node: '>=8'}

  object-inspect@1.13.4:
    resolution: {integrity: sha512-W67iLl4J2EXEGTbfeHCffrjDfitvLANg0UlX3wFUUSTx92KXRFegMHUVgSqE+wvhAbi4WqjGg9czysTV2Epbew==}
    engines: {node: '>= 0.4'}

  once@1.4.0:
    resolution: {integrity: sha512-lNaJgI+2Q5URQBkccEKHTQOPaXdUxnZZElQTZY0MFUAuaEqe1E+Nyvgdz/aIyNi6Z9MzO5dv1H8n58/GELp3+w==}

  onetime@5.1.2:
    resolution: {integrity: sha512-kbpaSSGJTWdAY5KPVeMOKXSrPtr8C8C7wodJbcsd51jRnmD+GZu8Y0VoU6Dm5Z4vWr0Ig/1NKuWRKf7j5aaYSg==}
    engines: {node: '>=6'}

  override-require@1.1.1:
    resolution: {integrity: sha512-eoJ9YWxFcXbrn2U8FKT6RV+/Kj7fiGAB1VvHzbYKt8xM5ZuKZgCGvnHzDxmreEjcBH28ejg5MiOH4iyY1mQnkg==}

  p-limit@2.3.0:
    resolution: {integrity: sha512-//88mFWSJx8lxCzwdAABTJL2MyWB12+eIY7MDL2SqLmAkeKU9qxRvWuSyTjm3FUmpBEMuFfckAIqEaVGUDxb6w==}
    engines: {node: '>=6'}

  p-try@2.2.0:
    resolution: {integrity: sha512-R4nPAVTAU0B9D35/Gk3uJf/7XYbQcyohSKdvAxIRSNghFl4e71hVoGnBNQz9cWaXxO2I10KTC+3jMdvvoKw6dQ==}
    engines: {node: '>=6'}

  parse-diff@0.7.1:
    resolution: {integrity: sha512-1j3l8IKcy4yRK2W4o9EYvJLSzpAVwz4DXqCewYyx2vEwk2gcf3DBPqc8Fj4XV3K33OYJ08A8fWwyu/ykD/HUSg==}

  parse-entities@2.0.0:
    resolution: {integrity: sha512-kkywGpCcRYhqQIchaWqZ875wzpS/bMKhz5HnN3p7wveJTkTtyAB/AlnS0f8DFSqYW1T82t6yEAkEcB+A1I3MbQ==}

  parse-git-config@2.0.3:
    resolution: {integrity: sha512-Js7ueMZOVSZ3tP8C7E3KZiHv6QQl7lnJ+OkbxoaFazzSa2KyEHqApfGbU3XboUgUnq4ZuUmskUpYKTNx01fm5A==}
    engines: {node: '>=6'}

  parse-github-url@1.0.3:
    resolution: {integrity: sha512-tfalY5/4SqGaV/GIGzWyHnFjlpTPTNpENR9Ea2lLldSJ8EWXMsvacWucqY3m3I4YPtas15IxTLQVQ5NSYXPrww==}
    engines: {node: '>= 0.10'}
    hasBin: true

  parse-link-header@2.0.0:
    resolution: {integrity: sha512-xjU87V0VyHZybn2RrCX5TIFGxTVZE6zqqZWMPlIKiSKuWh/X5WZdt+w1Ki1nXB+8L/KtL+nZ4iq+sfI6MrhhMw==}

  parse-passwd@1.0.0:
    resolution: {integrity: sha512-1Y1A//QUXEZK7YKz+rD9WydcE1+EuPr6ZBgKecAB8tmoW6UFv0NREVJe1p+jRxtThkcbbKkfwIbWJe/IeE6m2Q==}
    engines: {node: '>=0.10.0'}

  path-key@3.1.1:
    resolution: {integrity: sha512-ojmeN0qd+y0jszEtoY48r0Peq5dwMEkIlCOu6Q5f41lfkswXuKtYrhgoTpLnyIcHm24Uhqx+5Tqm2InSwLhE6Q==}
    engines: {node: '>=8'}

  picomatch@2.3.1:
    resolution: {integrity: sha512-JU3teHTNjmE2VCGFzuY8EXzCDVwEqB2a8fsIvwaStHhAWJEeVd1o1QD80CU6+ZdEXXSLbSsuLwJjkCBWqRQUVA==}
    engines: {node: '>=8.6'}

  pinpoint@1.1.0:
    resolution: {integrity: sha512-+04FTD9x7Cls2rihLlo57QDCcHoLBGn5Dk51SwtFBWkUWLxZaBXyNVpCw1S+atvE7GmnFjeaRZ0WLq3UYuqAdg==}

  prettyjson@1.2.5:
    resolution: {integrity: sha512-rksPWtoZb2ZpT5OVgtmy0KHVM+Dca3iVwWY9ifwhcexfjebtgjg3wmrUt9PvJ59XIYBcknQeYHD8IAnVlh9lAw==}
    hasBin: true

  qs@6.14.0:
    resolution: {integrity: sha512-YWWTjgABSKcvs/nWBi9PycY/JiPJqOD4JA6o9Sej2AtvSGarXxKC3OQSk4pAarbdQlKAh5D4FCQkJNkW+GAn3w==}
    engines: {node: '>=0.6'}

  readline-sync@1.4.10:
    resolution: {integrity: sha512-gNva8/6UAe8QYepIQH/jQ2qn91Qj0B9sYjMBBs3QOB8F2CXcKgLxQaJRP76sWVRQt+QU+8fAkCbCvjjMFu7Ycw==}
    engines: {node: '>= 0.8.0'}

  regenerator-runtime@0.13.11:
    resolution: {integrity: sha512-kY1AZVr2Ra+t+piVaJ4gxaFaReZVH40AKNo7UCX6W+dEwBo/2oZJzqfuN1qLq1oL45o56cPaTXELwrTh8Fpggg==}

  remark-gfm@1.0.0:
    resolution: {integrity: sha512-KfexHJCiqvrdBZVbQ6RopMZGwaXz6wFJEfByIuEwGf0arvITHjiKKZ1dpXujjH9KZdm1//XJQwgfnJ3lmXaDPA==}

  remark-parse@9.0.0:
    resolution: {integrity: sha512-geKatMwSzEXKHuzBNU1z676sGcDcFoChMK38TgdHJNAYfFtsfHDQG7MoJAjs6sgYMqyLduCYWDIWZIxiPeafEw==}

  remark-stringify@9.0.1:
    resolution: {integrity: sha512-mWmNg3ZtESvZS8fv5PTvaPckdL4iNlCHTt8/e/8oN08nArHRHjNZMKzA/YW3+p7/lYqIw4nx1XsjCBo/AxNChg==}

  repeat-string@1.6.1:
    resolution: {integrity: sha512-PV0dzCYDNfRi1jCDbJzpW7jNNDRuCOG/jI5ctQcGKt/clZD+YcPS3yIlWuTJMmESC8aevCFmWJy5wjAFgNqN6w==}
    engines: {node: '>=0.10'}

  require-from-string@2.0.2:
    resolution: {integrity: sha512-Xf0nWe6RseziFMu+Ap9biiUbmplq6S9/p+7w7YXP/JBHhrUDDUhwa+vANyubuqfZWTveU//DYVGsDG7RKL/vEw==}
    engines: {node: '>=0.10.0'}

  retry@0.12.0:
    resolution: {integrity: sha512-9LkiTwjUh6rT555DtE9rTX+BKByPfrMzEAtnlEtdEwr3Nkffwiihqe2bWADg+OQRjt9gl6ICdmB/ZFDCGAtSow==}
    engines: {node: '>= 4'}

  safe-buffer@5.2.1:
    resolution: {integrity: sha512-rp3So07KcdmmKbGvgaNxQSJr7bGVSVk5S9Eq1F+ppbRo70+YeaDxkw5Dd8NPN+GD6bjnYm2VuPuCXmpuYvmCXQ==}

  semver@7.7.1:
    resolution: {integrity: sha512-hlq8tAfn0m/61p4BVRcPzIGr6LKiMwo4VM6dGi6pt4qcRkmNzTcWq6eCEjEh+qXjkMDvPlOFFSGwQjoEa6gyMA==}
    engines: {node: '>=10'}
    hasBin: true

  shebang-command@2.0.0:
    resolution: {integrity: sha512-kHxr2zZpYtdmrN1qDjrrX/Z1rR1kG8Dx+gkpK1G4eXmvXswmcE1hTWBWYUzlraYw1/yZp6YuDY77YtvbN0dmDA==}
    engines: {node: '>=8'}

  shebang-regex@3.0.0:
    resolution: {integrity: sha512-7++dFhtcx3353uBaq8DDR4NuxBetBzC7ZQOhmTQInHEd6bSrXdiEyzCvG07Z44UYdLShWUyXt5M/yhz8ekcb1A==}
    engines: {node: '>=8'}

  side-channel-list@1.0.0:
    resolution: {integrity: sha512-FCLHtRD/gnpCiCHEiJLOwdmFP+wzCmDEkc9y7NsYxeF4u7Btsn1ZuwgwJGxImImHicJArLP4R0yX4c2KCrMrTA==}
    engines: {node: '>= 0.4'}

  side-channel-map@1.0.1:
    resolution: {integrity: sha512-VCjCNfgMsby3tTdo02nbjtM/ewra6jPHmpThenkTYh8pG9ucZ/1P8So4u4FGBek/BjpOVsDCMoLA/iuBKIFXRA==}
    engines: {node: '>= 0.4'}

  side-channel-weakmap@1.0.2:
    resolution: {integrity: sha512-WPS/HvHQTYnHisLo9McqBHOJk2FkHO/tlpvldyrnem4aeQp4hai3gythswg6p01oSoTl58rcpiFAjF2br2Ak2A==}
    engines: {node: '>= 0.4'}

  side-channel@1.1.0:
    resolution: {integrity: sha512-ZX99e6tRweoUXqR+VBrslhda51Nh5MTQwou5tnUDgbtyM0dBgmhEDtWGP/xbKn6hqfPRHujUNwz5fy/wbbhnpw==}
    engines: {node: '>= 0.4'}

  signal-exit@3.0.7:
    resolution: {integrity: sha512-wnD2ZE+l+SPC/uoS0vXeE9L1+0wuaMqKlfz9AMUo38JsyLSBWSFcHR1Rri62LZc12vLr1gb3jl7iwQhgwpAbGQ==}

  strip-final-newline@2.0.0:
    resolution: {integrity: sha512-BrpvfNAE3dcvq7ll3xVumzjKjZQ5tI1sEUIKr3Uoks0XUl45St3FlatVqef9prk4jRDzhW6WZg+3bk93y6pLjA==}
    engines: {node: '>=6'}

  strip-indent@3.0.0:
    resolution: {integrity: sha512-laJTa3Jb+VQpaC6DseHhF7dXVqHTfJPCRDaEbid/drOhgitgYku/letMUqOXFoWV0zIIUbjpdH2t+tYj4bQMRQ==}
    engines: {node: '>=8'}

  supports-color@5.5.0:
    resolution: {integrity: sha512-QjVjwdXIt408MIiAqCX4oUKsgU2EqAGzs2Ppkm4aQYbjm+ZEWEcW4SfFNTr4uMNZma0ey4f5lgLrkB0aX0QMow==}
    engines: {node: '>=4'}

  supports-hyperlinks@1.0.1:
    resolution: {integrity: sha512-HHi5kVSefKaJkGYXbDuKbUGRVxqnWGn3J2e39CYcNJEfWciGq2zYtOhXLTlvrOZW1QU7VX67w7fMmWafHX9Pfw==}
    engines: {node: '>=4'}

  to-regex-range@5.0.1:
    resolution: {integrity: sha512-65P7iz6X5yEr1cwcgvQxbbIw7Uk3gOy5dIdtZ4rDveLqhrdJP+Li/Hx6tyK0NEb+2GCyneCMJiGqrADCSNk8sQ==}
    engines: {node: '>=8.0'}

  tr46@0.0.3:
    resolution: {integrity: sha512-N3WMsuqV66lT30CrXNbEjx4GEwlow3v6rr4mCcv6prnfwhS01rkgyFdjPNBYd9br7LpXV1+Emh01fHnq2Gdgrw==}

  trough@1.0.5:
    resolution: {integrity: sha512-rvuRbTarPXmMb79SmzEp8aqXNKcK+y0XaB298IXueQ8I2PsrATcPBCSPyK/dDNa2iWOhKlfNnOjdAOTBU/nkFA==}

  tslib@2.8.1:
    resolution: {integrity: sha512-oJFu94HQb+KVduSUQL7wnpmqnfmLsOA/nAh6b6EH0wCEoK0/mPeXU6c3wKDV83MkOuHPRHtSXKKU99IBazS/2w==}

  typescript@4.6.2:
    resolution: {integrity: sha512-HM/hFigTBHZhLXshn9sN37H085+hQGeJHJ/X7LpBWLID/fbc2acUMfU+lGD98X81sKP+pFa9f0DZmCwB9GnbAg==}
    engines: {node: '>=4.2.0'}
    hasBin: true

  unified@9.2.2:
    resolution: {integrity: sha512-Sg7j110mtefBD+qunSLO1lqOEKdrwBFBrR6Qd8f4uwkhWNlbkaqwHse6e7QvD3AP/MNoJdEDLaf8OxYyoWgorQ==}

  unist-util-is@4.1.0:
    resolution: {integrity: sha512-ZOQSsnce92GrxSqlnEEseX0gi7GH9zTJZ0p9dtu87WRb/37mMPO2Ilx1s/t9vBHrFhbgweUwb+t7cIn5dxPhZg==}

  unist-util-stringify-position@2.0.3:
    resolution: {integrity: sha512-3faScn5I+hy9VleOq/qNbAd6pAx7iH5jYBMS9I1HgQVijz/4mv5Bvw5iw1sC/90CODiKo81G/ps8AJrISn687g==}

  unist-util-visit-parents@3.1.1:
    resolution: {integrity: sha512-1KROIZWo6bcMrZEwiH2UrXDyalAa0uqzWCxCJj6lPOvTve2WkfgCytoDTPaMnodXh1WrXOq0haVYHj99ynJlsg==}

  unist-util-visit@2.0.3:
    resolution: {integrity: sha512-iJ4/RczbJMkD0712mGktuGpm/U4By4FfDonL7N/9tATGIF4imikjOuagyMY53tnZq3NP6BcmlrHhEKAfGWjh7Q==}

  universal-user-agent@6.0.1:
    resolution: {integrity: sha512-yCzhz6FN2wU1NiiQRogkTQszlQSlpWaw8SvVegAc+bDxbzHgh1vX8uIe8OYyMH6DwH+sdTJsgMl36+mSMdRJIQ==}

  vfile-message@2.0.4:
    resolution: {integrity: sha512-DjssxRGkMvifUOJre00juHoP9DPWuzjxKuMDrhNbk2TdaYYBNMStsNhEOt3idrtI12VQYM/1+iM0KOzXi4pxwQ==}

  vfile@4.2.1:
    resolution: {integrity: sha512-O6AE4OskCG5S1emQ/4gl8zK586RqA3srz3nfK/Viy0UPToBc5Trp9BVFb1u0CjsKrAWwnpr4ifM/KBXPWwJbCA==}

  webidl-conversions@3.0.1:
    resolution: {integrity: sha512-2JAn3z8AR6rjK8Sm8orRC0h/bcl/DqL7tRPdGZ4I1CjdF+EaMLmYxBHyXuKL849eucPFhvBoxMsflfOb8kxaeQ==}

  whatwg-url@5.0.0:
    resolution: {integrity: sha512-saE57nupxk6v3HY35+jzBwYa0rKSy0XR8JSxZPwgLr7ys0IBzhGviA1/TUGJLmSVqs8pb9AnvICXEuOHLprYTw==}

  which@2.0.2:
    resolution: {integrity: sha512-BLI3Tl1TW3Pvl70l3yq3Y64i+awpwXqsGBYWkkqMtnbXgrMD+yj7rhW0kuEDxzJaYXGjEW5ogapKNMEKNMjibA==}
    engines: {node: '>= 8'}
    hasBin: true

  wrappy@1.0.2:
    resolution: {integrity: sha512-l4Sp/DRseor9wL6EvV2+TuQn63dMkPjZ/sp9XkghTEbV9KlPS1xUsZ3u7/IQO4wxtcFB4bgpQPRcR3QCvezPcQ==}

  xcase@2.0.1:
    resolution: {integrity: sha512-UmFXIPU+9Eg3E9m/728Bii0lAIuoc+6nbrNUKaRPJOFp91ih44qqGlWtxMB6kXFrRD6po+86ksHM5XHCfk6iPw==}

  xtend@4.0.2:
    resolution: {integrity: sha512-LKYU1iAXJXUgAXn9URjiu+MWhyUXHsvfp7mcuYm9dSUKK0/CjtrUwFAxD82/mCWbtLsGjFIad0wIsod4zrTAEQ==}
    engines: {node: '>=0.4'}

  yaml@1.10.2:
    resolution: {integrity: sha512-r3vXyErRCYJ7wg28yvBY5VSoAF8ZvlcW9/BwUzEtUsjvX/DKs24dIkuwjtuprwJJHsbyUbLApepYTR1BN4uHrg==}
    engines: {node: '>= 6'}

  zwitch@1.0.5:
    resolution: {integrity: sha512-V50KMwwzqJV0NpZIZFwfOD5/lyny3WlSzRiXgA0G7VUnRlqttta1L6UQIHzd6EuBY/cHGfwTIck7w1yH6Q5zUw==}

snapshots:

  '@formatjs/ecma402-abstract@1.11.4':
    dependencies:
      '@formatjs/intl-localematcher': 0.2.25
      tslib: 2.8.1

  '@formatjs/fast-memoize@1.2.1':
    dependencies:
      tslib: 2.8.1

  '@formatjs/icu-messageformat-parser@2.1.0':
    dependencies:
      '@formatjs/ecma402-abstract': 1.11.4
      '@formatjs/icu-skeleton-parser': 1.3.6
      tslib: 2.8.1

  '@formatjs/icu-skeleton-parser@1.3.6':
    dependencies:
      '@formatjs/ecma402-abstract': 1.11.4
      tslib: 2.8.1

  '@formatjs/intl-localematcher@0.2.25':
    dependencies:
      tslib: 2.8.1

  '@gitbeaker/core@38.12.1':
    dependencies:
      '@gitbeaker/requester-utils': 38.12.1
      qs: 6.14.0
      xcase: 2.0.1

  '@gitbeaker/requester-utils@38.12.1':
    dependencies:
      qs: 6.14.0
      xcase: 2.0.1

  '@gitbeaker/rest@38.12.1':
    dependencies:
      '@gitbeaker/core': 38.12.1
      '@gitbeaker/requester-utils': 38.12.1

  '@octokit/auth-token@2.5.0':
    dependencies:
      '@octokit/types': 6.41.0

  '@octokit/core@3.6.0':
    dependencies:
      '@octokit/auth-token': 2.5.0
      '@octokit/graphql': 4.8.0
      '@octokit/request': 5.6.3
      '@octokit/request-error': 2.1.0
      '@octokit/types': 6.41.0
      before-after-hook: 2.2.3
      universal-user-agent: 6.0.1
    transitivePeerDependencies:
      - encoding

  '@octokit/endpoint@6.0.12':
    dependencies:
      '@octokit/types': 6.41.0
      is-plain-object: 5.0.0
      universal-user-agent: 6.0.1

  '@octokit/graphql@4.8.0':
    dependencies:
      '@octokit/request': 5.6.3
      '@octokit/types': 6.41.0
      universal-user-agent: 6.0.1
    transitivePeerDependencies:
      - encoding

  '@octokit/openapi-types@12.11.0': {}

  '@octokit/plugin-paginate-rest@2.21.3(@octokit/core@3.6.0)':
    dependencies:
      '@octokit/core': 3.6.0
      '@octokit/types': 6.41.0

  '@octokit/plugin-request-log@1.0.4(@octokit/core@3.6.0)':
    dependencies:
      '@octokit/core': 3.6.0

  '@octokit/plugin-rest-endpoint-methods@5.16.2(@octokit/core@3.6.0)':
    dependencies:
      '@octokit/core': 3.6.0
      '@octokit/types': 6.41.0
      deprecation: 2.3.1

  '@octokit/request-error@2.1.0':
    dependencies:
      '@octokit/types': 6.41.0
      deprecation: 2.3.1
      once: 1.4.0

  '@octokit/request@5.6.3':
    dependencies:
      '@octokit/endpoint': 6.0.12
      '@octokit/request-error': 2.1.0
      '@octokit/types': 6.41.0
      is-plain-object: 5.0.0
      node-fetch: 2.7.0
      universal-user-agent: 6.0.1
    transitivePeerDependencies:
      - encoding

  '@octokit/rest@18.12.0':
    dependencies:
      '@octokit/core': 3.6.0
      '@octokit/plugin-paginate-rest': 2.21.3(@octokit/core@3.6.0)
      '@octokit/plugin-request-log': 1.0.4(@octokit/core@3.6.0)
      '@octokit/plugin-rest-endpoint-methods': 5.16.2(@octokit/core@3.6.0)
    transitivePeerDependencies:
      - encoding

  '@octokit/types@6.41.0':
    dependencies:
      '@octokit/openapi-types': 12.11.0

  '@tootallnate/once@2.0.0': {}

  '@types/mdast@3.0.15':
    dependencies:
      '@types/unist': 2.0.11

  '@types/unist@2.0.11': {}

  agent-base@6.0.2:
    dependencies:
      debug: 4.4.0
    transitivePeerDependencies:
      - supports-color

  ansi-styles@3.2.1:
    dependencies:
      color-convert: 1.9.3

  async-retry@1.2.3:
    dependencies:
      retry: 0.12.0

  bail@1.0.5: {}

  before-after-hook@2.2.3: {}

  braces@3.0.3:
    dependencies:
      fill-range: 7.1.1

  buffer-equal-constant-time@1.0.1: {}

  call-bind-apply-helpers@1.0.2:
    dependencies:
      es-errors: 1.3.0
      function-bind: 1.1.2

  call-bound@1.0.3:
    dependencies:
      call-bind-apply-helpers: 1.0.2
      get-intrinsic: 1.2.7

  callsites@3.1.0: {}

  ccount@1.1.0: {}

  chalk@2.4.2:
    dependencies:
      ansi-styles: 3.2.1
      escape-string-regexp: 1.0.5
      supports-color: 5.5.0

  character-entities-legacy@1.1.4: {}

  character-entities@1.2.4: {}

  character-reference-invalid@1.1.4: {}

  color-convert@1.9.3:
    dependencies:
      color-name: 1.1.3

  color-name@1.1.3: {}

  colors@1.4.0: {}

  commander@2.20.3: {}

  core-js@3.40.0: {}

  cross-spawn@7.0.6:
    dependencies:
      path-key: 3.1.1
      shebang-command: 2.0.0
      which: 2.0.2

  danger@12.3.3:
    dependencies:
      '@gitbeaker/rest': 38.12.1
      '@octokit/rest': 18.12.0
      async-retry: 1.2.3
      chalk: 2.4.2
      commander: 2.20.3
      core-js: 3.40.0
      debug: 4.4.0
      fast-json-patch: 3.1.1
      get-stdin: 6.0.0
      http-proxy-agent: 5.0.0
      https-proxy-agent: 5.0.1
      hyperlinker: 1.0.0
      json5: 2.2.3
      jsonpointer: 5.0.1
      jsonwebtoken: 9.0.2
      lodash.find: 4.6.0
      lodash.includes: 4.3.0
      lodash.isobject: 3.0.2
      lodash.keys: 4.2.0
      lodash.mapvalues: 4.6.0
      lodash.memoize: 4.1.2
      memfs-or-file-map-to-github-branch: 1.2.1
      micromatch: 4.0.8
      node-cleanup: 2.1.2
      node-fetch: 2.7.0
      override-require: 1.1.1
      p-limit: 2.3.0
      parse-diff: 0.7.1
      parse-git-config: 2.0.3
      parse-github-url: 1.0.3
      parse-link-header: 2.0.0
      pinpoint: 1.1.0
      prettyjson: 1.2.5
      readline-sync: 1.4.10
      regenerator-runtime: 0.13.11
      require-from-string: 2.0.2
      supports-hyperlinks: 1.0.1
    transitivePeerDependencies:
      - encoding
      - supports-color

  debug@4.4.0:
    dependencies:
      ms: 2.1.3

  deprecation@2.3.1: {}

  dunder-proto@1.0.1:
    dependencies:
      call-bind-apply-helpers: 1.0.2
      es-errors: 1.3.0
      gopd: 1.2.0

  ecdsa-sig-formatter@1.0.11:
    dependencies:
      safe-buffer: 5.2.1

  endanger@7.0.4(danger@12.3.3):
    dependencies:
      callsites: 3.1.0
      danger: 12.3.3
      execa: 5.1.1
      intl-messageformat: 9.13.0
      memoize-one: 5.2.1
      micromatch: 4.0.8
      remark-gfm: 1.0.0
      remark-parse: 9.0.0
      remark-stringify: 9.0.1
      strip-indent: 3.0.0
      unified: 9.2.2
      unist-util-visit: 2.0.3
      yaml: 1.10.2
    transitivePeerDependencies:
      - supports-color

  es-define-property@1.0.1: {}

  es-errors@1.3.0: {}

  es-object-atoms@1.1.1:
    dependencies:
      es-errors: 1.3.0

  escape-string-regexp@1.0.5: {}

  escape-string-regexp@4.0.0: {}

  execa@5.1.1:
    dependencies:
      cross-spawn: 7.0.6
      get-stream: 6.0.1
      human-signals: 2.1.0
      is-stream: 2.0.1
      merge-stream: 2.0.0
      npm-run-path: 4.0.1
      onetime: 5.1.2
      signal-exit: 3.0.7
      strip-final-newline: 2.0.0

  expand-tilde@2.0.2:
    dependencies:
      homedir-polyfill: 1.0.3

  extend-shallow@2.0.1:
    dependencies:
      is-extendable: 0.1.1

  extend@3.0.2: {}

  fast-json-patch@3.1.1: {}

  fill-range@7.1.1:
    dependencies:
      to-regex-range: 5.0.1

  fs-exists-sync@0.1.0: {}

  function-bind@1.1.2: {}

  get-intrinsic@1.2.7:
    dependencies:
      call-bind-apply-helpers: 1.0.2
      es-define-property: 1.0.1
      es-errors: 1.3.0
      es-object-atoms: 1.1.1
      function-bind: 1.1.2
      get-proto: 1.0.1
      gopd: 1.2.0
      has-symbols: 1.1.0
      hasown: 2.0.2
      math-intrinsics: 1.1.0

  get-proto@1.0.1:
    dependencies:
      dunder-proto: 1.0.1
      es-object-atoms: 1.1.1

  get-stdin@6.0.0: {}

  get-stream@6.0.1: {}

  git-config-path@1.0.1:
    dependencies:
      extend-shallow: 2.0.1
      fs-exists-sync: 0.1.0
      homedir-polyfill: 1.0.3

  gopd@1.2.0: {}

  has-flag@2.0.0: {}

  has-flag@3.0.0: {}

  has-symbols@1.1.0: {}

  hasown@2.0.2:
    dependencies:
      function-bind: 1.1.2

  homedir-polyfill@1.0.3:
    dependencies:
      parse-passwd: 1.0.0

  http-proxy-agent@5.0.0:
    dependencies:
      '@tootallnate/once': 2.0.0
      agent-base: 6.0.2
      debug: 4.4.0
    transitivePeerDependencies:
      - supports-color

  https-proxy-agent@5.0.1:
    dependencies:
      agent-base: 6.0.2
      debug: 4.4.0
    transitivePeerDependencies:
      - supports-color

  human-signals@2.1.0: {}

  hyperlinker@1.0.0: {}

  ini@1.3.8: {}

  intl-messageformat@9.13.0:
    dependencies:
      '@formatjs/ecma402-abstract': 1.11.4
      '@formatjs/fast-memoize': 1.2.1
      '@formatjs/icu-messageformat-parser': 2.1.0
      tslib: 2.8.1

  is-alphabetical@1.0.4: {}

  is-alphanumerical@1.0.4:
    dependencies:
      is-alphabetical: 1.0.4
      is-decimal: 1.0.4

  is-buffer@2.0.5: {}

  is-decimal@1.0.4: {}

  is-extendable@0.1.1: {}

  is-hexadecimal@1.0.4: {}

  is-number@7.0.0: {}

  is-plain-obj@2.1.0: {}

  is-plain-object@5.0.0: {}

  is-stream@2.0.1: {}

  isexe@2.0.0: {}

  json5@2.2.3: {}

  jsonpointer@5.0.1: {}

  jsonwebtoken@9.0.2:
    dependencies:
      jws: 3.2.2
      lodash.includes: 4.3.0
      lodash.isboolean: 3.0.3
      lodash.isinteger: 4.0.4
      lodash.isnumber: 3.0.3
      lodash.isplainobject: 4.0.6
      lodash.isstring: 4.0.1
      lodash.once: 4.1.1
      ms: 2.1.3
      semver: 7.7.1

  jwa@1.4.1:
    dependencies:
      buffer-equal-constant-time: 1.0.1
      ecdsa-sig-formatter: 1.0.11
      safe-buffer: 5.2.1

  jws@3.2.2:
    dependencies:
      jwa: 1.4.1
      safe-buffer: 5.2.1

  lodash.find@4.6.0: {}

  lodash.includes@4.3.0: {}

  lodash.isboolean@3.0.3: {}

  lodash.isinteger@4.0.4: {}

  lodash.isnumber@3.0.3: {}

  lodash.isobject@3.0.2: {}

  lodash.isplainobject@4.0.6: {}

  lodash.isstring@4.0.1: {}

  lodash.keys@4.2.0: {}

  lodash.mapvalues@4.6.0: {}

  lodash.memoize@4.1.2: {}

  lodash.once@4.1.1: {}

  longest-streak@2.0.4: {}

  markdown-table@2.0.0:
    dependencies:
      repeat-string: 1.6.1

  math-intrinsics@1.1.0: {}

  mdast-util-find-and-replace@1.1.1:
    dependencies:
      escape-string-regexp: 4.0.0
      unist-util-is: 4.1.0
      unist-util-visit-parents: 3.1.1

  mdast-util-from-markdown@0.8.5:
    dependencies:
      '@types/mdast': 3.0.15
      mdast-util-to-string: 2.0.0
      micromark: 2.11.4
      parse-entities: 2.0.0
      unist-util-stringify-position: 2.0.3
    transitivePeerDependencies:
      - supports-color

  mdast-util-gfm-autolink-literal@0.1.3:
    dependencies:
      ccount: 1.1.0
      mdast-util-find-and-replace: 1.1.1
      micromark: 2.11.4
    transitivePeerDependencies:
      - supports-color

  mdast-util-gfm-strikethrough@0.2.3:
    dependencies:
      mdast-util-to-markdown: 0.6.5

  mdast-util-gfm-table@0.1.6:
    dependencies:
      markdown-table: 2.0.0
      mdast-util-to-markdown: 0.6.5

  mdast-util-gfm-task-list-item@0.1.6:
    dependencies:
      mdast-util-to-markdown: 0.6.5

  mdast-util-gfm@0.1.2:
    dependencies:
      mdast-util-gfm-autolink-literal: 0.1.3
      mdast-util-gfm-strikethrough: 0.2.3
      mdast-util-gfm-table: 0.1.6
      mdast-util-gfm-task-list-item: 0.1.6
      mdast-util-to-markdown: 0.6.5
    transitivePeerDependencies:
      - supports-color

  mdast-util-to-markdown@0.6.5:
    dependencies:
      '@types/unist': 2.0.11
      longest-streak: 2.0.4
      mdast-util-to-string: 2.0.0
      parse-entities: 2.0.0
      repeat-string: 1.6.1
      zwitch: 1.0.5

  mdast-util-to-string@2.0.0: {}

  memfs-or-file-map-to-github-branch@1.2.1:
    dependencies:
      '@octokit/rest': 18.12.0
    transitivePeerDependencies:
      - encoding

  memoize-one@5.2.1: {}

  merge-stream@2.0.0: {}

  micromark-extension-gfm-autolink-literal@0.5.7:
    dependencies:
      micromark: 2.11.4
    transitivePeerDependencies:
      - supports-color

  micromark-extension-gfm-strikethrough@0.6.5:
    dependencies:
      micromark: 2.11.4
    transitivePeerDependencies:
      - supports-color

  micromark-extension-gfm-table@0.4.3:
    dependencies:
      micromark: 2.11.4
    transitivePeerDependencies:
      - supports-color

  micromark-extension-gfm-tagfilter@0.3.0: {}

  micromark-extension-gfm-task-list-item@0.3.3:
    dependencies:
      micromark: 2.11.4
    transitivePeerDependencies:
      - supports-color

  micromark-extension-gfm@0.3.3:
    dependencies:
      micromark: 2.11.4
      micromark-extension-gfm-autolink-literal: 0.5.7
      micromark-extension-gfm-strikethrough: 0.6.5
      micromark-extension-gfm-table: 0.4.3
      micromark-extension-gfm-tagfilter: 0.3.0
      micromark-extension-gfm-task-list-item: 0.3.3
    transitivePeerDependencies:
      - supports-color

  micromark@2.11.4:
    dependencies:
      debug: 4.4.0
      parse-entities: 2.0.0
    transitivePeerDependencies:
      - supports-color

  micromatch@4.0.8:
    dependencies:
      braces: 3.0.3
      picomatch: 2.3.1

  mimic-fn@2.1.0: {}

  min-indent@1.0.1: {}

  minimist@1.2.8: {}

  ms@2.1.3: {}

  node-cleanup@2.1.2: {}

  node-fetch@2.7.0:
    dependencies:
      whatwg-url: 5.0.0

  npm-run-path@4.0.1:
    dependencies:
      path-key: 3.1.1

  object-inspect@1.13.4: {}

  once@1.4.0:
    dependencies:
      wrappy: 1.0.2

  onetime@5.1.2:
    dependencies:
      mimic-fn: 2.1.0

  override-require@1.1.1: {}

  p-limit@2.3.0:
    dependencies:
      p-try: 2.2.0

  p-try@2.2.0: {}

  parse-diff@0.7.1: {}

  parse-entities@2.0.0:
    dependencies:
      character-entities: 1.2.4
      character-entities-legacy: 1.1.4
      character-reference-invalid: 1.1.4
      is-alphanumerical: 1.0.4
      is-decimal: 1.0.4
      is-hexadecimal: 1.0.4

  parse-git-config@2.0.3:
    dependencies:
      expand-tilde: 2.0.2
      git-config-path: 1.0.1
      ini: 1.3.8

  parse-github-url@1.0.3: {}

  parse-link-header@2.0.0:
    dependencies:
      xtend: 4.0.2

  parse-passwd@1.0.0: {}

  path-key@3.1.1: {}

  picomatch@2.3.1: {}

  pinpoint@1.1.0: {}

  prettyjson@1.2.5:
    dependencies:
      colors: 1.4.0
      minimist: 1.2.8

  qs@6.14.0:
    dependencies:
      side-channel: 1.1.0

  readline-sync@1.4.10: {}

  regenerator-runtime@0.13.11: {}

  remark-gfm@1.0.0:
    dependencies:
      mdast-util-gfm: 0.1.2
      micromark-extension-gfm: 0.3.3
    transitivePeerDependencies:
      - supports-color

  remark-parse@9.0.0:
    dependencies:
      mdast-util-from-markdown: 0.8.5
    transitivePeerDependencies:
      - supports-color

  remark-stringify@9.0.1:
    dependencies:
      mdast-util-to-markdown: 0.6.5

  repeat-string@1.6.1: {}

  require-from-string@2.0.2: {}

  retry@0.12.0: {}

  safe-buffer@5.2.1: {}

  semver@7.7.1: {}

  shebang-command@2.0.0:
    dependencies:
      shebang-regex: 3.0.0

  shebang-regex@3.0.0: {}

  side-channel-list@1.0.0:
    dependencies:
      es-errors: 1.3.0
      object-inspect: 1.13.4

  side-channel-map@1.0.1:
    dependencies:
      call-bound: 1.0.3
      es-errors: 1.3.0
      get-intrinsic: 1.2.7
      object-inspect: 1.13.4

  side-channel-weakmap@1.0.2:
    dependencies:
      call-bound: 1.0.3
      es-errors: 1.3.0
      get-intrinsic: 1.2.7
      object-inspect: 1.13.4
      side-channel-map: 1.0.1

  side-channel@1.1.0:
    dependencies:
      es-errors: 1.3.0
      object-inspect: 1.13.4
      side-channel-list: 1.0.0
      side-channel-map: 1.0.1
      side-channel-weakmap: 1.0.2

  signal-exit@3.0.7: {}

  strip-final-newline@2.0.0: {}

  strip-indent@3.0.0:
    dependencies:
      min-indent: 1.0.1

  supports-color@5.5.0:
    dependencies:
      has-flag: 3.0.0

  supports-hyperlinks@1.0.1:
    dependencies:
      has-flag: 2.0.0
      supports-color: 5.5.0

  to-regex-range@5.0.1:
    dependencies:
      is-number: 7.0.0

  tr46@0.0.3: {}

  trough@1.0.5: {}

  tslib@2.8.1: {}

  typescript@4.6.2: {}

  unified@9.2.2:
    dependencies:
      '@types/unist': 2.0.11
      bail: 1.0.5
      extend: 3.0.2
      is-buffer: 2.0.5
      is-plain-obj: 2.1.0
      trough: 1.0.5
      vfile: 4.2.1

  unist-util-is@4.1.0: {}

  unist-util-stringify-position@2.0.3:
    dependencies:
      '@types/unist': 2.0.11

  unist-util-visit-parents@3.1.1:
    dependencies:
      '@types/unist': 2.0.11
      unist-util-is: 4.1.0

  unist-util-visit@2.0.3:
    dependencies:
      '@types/unist': 2.0.11
      unist-util-is: 4.1.0
      unist-util-visit-parents: 3.1.1

  universal-user-agent@6.0.1: {}

  vfile-message@2.0.4:
    dependencies:
      '@types/unist': 2.0.11
      unist-util-stringify-position: 2.0.3

  vfile@4.2.1:
    dependencies:
      '@types/unist': 2.0.11
      is-buffer: 2.0.5
      unist-util-stringify-position: 2.0.3
      vfile-message: 2.0.4

  webidl-conversions@3.0.1: {}

  whatwg-url@5.0.0:
    dependencies:
      tr46: 0.0.3
      webidl-conversions: 3.0.1

  which@2.0.2:
    dependencies:
      isexe: 2.0.0

  wrappy@1.0.2: {}

  xcase@2.0.1: {}

  xtend@4.0.2: {}

  yaml@1.10.2: {}

  zwitch@1.0.5: {}
